// !$*UTF8*$!
{
	archiveVersion = 1;
	classes = {
	};
	objectVersion = 48;
	objects = {

/* Begin PBXBuildFile section */
		030964C51F701EC800109AF0 /* AppDelegate.swift in Sources */ = {isa = PBXBuildFile; fileRef = 030964C41F701EC800109AF0 /* AppDelegate.swift */; };
		030964CA1F701EC800109AF0 /* Main.storyboard in Resources */ = {isa = PBXBuildFile; fileRef = 030964C81F701EC800109AF0 /* Main.storyboard */; };
		030964CD1F701EC800109AF0 /* SchoolConnect.xcdatamodeld in Sources */ = {isa = PBXBuildFile; fileRef = 030964CB1F701EC800109AF0 /* SchoolConnect.xcdatamodeld */; };
		030964CF1F701EC800109AF0 /* Assets.xcassets in Resources */ = {isa = PBXBuildFile; fileRef = 030964CE1F701EC800109AF0 /* Assets.xcassets */; };
		030964D21F701EC800109AF0 /* LaunchScreen.storyboard in Resources */ = {isa = PBXBuildFile; fileRef = 030964D01F701EC800109AF0 /* LaunchScreen.storyboard */; };
		03100A861F79F0A500CF5DA3 /* GoogleService-Info.plist in Resources */ = {isa = PBXBuildFile; fileRef = 03100A851F79F09700CF5DA3 /* GoogleService-Info.plist */; };
		0326900B1F70A93600BFEC90 /* CalendarEventViewController.swift in Sources */ = {isa = PBXBuildFile; fileRef = 0326900A1F70A93600BFEC90 /* CalendarEventViewController.swift */; };
		0342EEC91F7AC05400305680 /* constants.swift in Sources */ = {isa = PBXBuildFile; fileRef = 0342EEC81F7AC05400305680 /* constants.swift */; };
		037BD8D11F7094A500B4E8DD /* CalendarTableViewCell.swift in Sources */ = {isa = PBXBuildFile; fileRef = 03DD738A1F70926500F09808 /* CalendarTableViewCell.swift */; };
		037BD8D21F7094A700B4E8DD /* CalendarTableViewController.swift in Sources */ = {isa = PBXBuildFile; fileRef = 03DD738B1F70926500F09808 /* CalendarTableViewController.swift */; };
		037BD8D31F7094AC00B4E8DD /* CalendarView.swift in Sources */ = {isa = PBXBuildFile; fileRef = 03DD738E1F70926500F09808 /* CalendarView.swift */; };
		03A2F59F1F70293500B8C78E /* NewsArticleViewController.swift in Sources */ = {isa = PBXBuildFile; fileRef = 03A2F59E1F70293500B8C78E /* NewsArticleViewController.swift */; };
		03A2F5A11F70296A00B8C78E /* NewsCollectionViewController.swift in Sources */ = {isa = PBXBuildFile; fileRef = 03A2F5A01F70296A00B8C78E /* NewsCollectionViewController.swift */; };
		03A2F5A31F7029C400B8C78E /* NewsArticle.swift in Sources */ = {isa = PBXBuildFile; fileRef = 03A2F5A21F7029C400B8C78E /* NewsArticle.swift */; };
		03A2F5A51F702AFB00B8C78E /* NewsView.swift in Sources */ = {isa = PBXBuildFile; fileRef = 03A2F5A41F702AFB00B8C78E /* NewsView.swift */; };
		03A2F5A71F702B6200B8C78E /* NewsCollectionViewCell.swift in Sources */ = {isa = PBXBuildFile; fileRef = 03A2F5A61F702B6200B8C78E /* NewsCollectionViewCell.swift */; };
		03C2CF411F79E34600A6E07C /* PushNotif.swift in Sources */ = {isa = PBXBuildFile; fileRef = 03C2CF401F79E34600A6E07C /* PushNotif.swift */; };
		03C2CF431F79E40600A6E07C /* NotificationTableViewController.swift in Sources */ = {isa = PBXBuildFile; fileRef = 03C2CF421F79E40600A6E07C /* NotificationTableViewController.swift */; };
		03C2CF451F79E48700A6E07C /* NotificationTableViewCell.swift in Sources */ = {isa = PBXBuildFile; fileRef = 03C2CF441F79E48700A6E07C /* NotificationTableViewCell.swift */; };
		03C2CF471F79E5AB00A6E07C /* NotificationViewController.swift in Sources */ = {isa = PBXBuildFile; fileRef = 03C2CF461F79E5AB00A6E07C /* NotificationViewController.swift */; };
		03C2CF491F79EAA100A6E07C /* NotifRoundedImage.swift in Sources */ = {isa = PBXBuildFile; fileRef = 03C2CF481F79EAA100A6E07C /* NotifRoundedImage.swift */; };
		03DD73901F70929B00F09808 /* CalendarEvent.swift in Sources */ = {isa = PBXBuildFile; fileRef = 03DD738F1F70929B00F09808 /* CalendarEvent.swift */; };
		CD4BA9CE9DAB67F1AFA284A8 /* Pods_SchoolConnect.framework in Frameworks */ = {isa = PBXBuildFile; fileRef = 191CA21EAA9FE734A925495C /* Pods_SchoolConnect.framework */; };
/* End PBXBuildFile section */

/* Begin PBXFileReference section */
		030964C11F701EC800109AF0 /* SchoolConnect.app */ = {isa = PBXFileReference; explicitFileType = wrapper.application; includeInIndex = 0; path = SchoolConnect.app; sourceTree = BUILT_PRODUCTS_DIR; };
		030964C41F701EC800109AF0 /* AppDelegate.swift */ = {isa = PBXFileReference; lastKnownFileType = sourcecode.swift; path = AppDelegate.swift; sourceTree = "<group>"; };
		030964C91F701EC800109AF0 /* Base */ = {isa = PBXFileReference; lastKnownFileType = file.storyboard; name = Base; path = Base.lproj/Main.storyboard; sourceTree = "<group>"; };
		030964CC1F701EC800109AF0 /* SchoolConnect.xcdatamodel */ = {isa = PBXFileReference; lastKnownFileType = wrapper.xcdatamodel; path = SchoolConnect.xcdatamodel; sourceTree = "<group>"; };
		030964CE1F701EC800109AF0 /* Assets.xcassets */ = {isa = PBXFileReference; lastKnownFileType = folder.assetcatalog; path = Assets.xcassets; sourceTree = "<group>"; };
		030964D11F701EC800109AF0 /* Base */ = {isa = PBXFileReference; lastKnownFileType = file.storyboard; name = Base; path = Base.lproj/LaunchScreen.storyboard; sourceTree = "<group>"; };
		030964D31F701EC800109AF0 /* Info.plist */ = {isa = PBXFileReference; lastKnownFileType = text.plist.xml; path = Info.plist; sourceTree = "<group>"; };
		03100A851F79F09700CF5DA3 /* GoogleService-Info.plist */ = {isa = PBXFileReference; lastKnownFileType = text.plist.xml; name = "GoogleService-Info.plist"; path = "../../GoogleService-Info.plist"; sourceTree = "<group>"; };
		0326900A1F70A93600BFEC90 /* CalendarEventViewController.swift */ = {isa = PBXFileReference; lastKnownFileType = sourcecode.swift; path = CalendarEventViewController.swift; sourceTree = "<group>"; };
		0342EEC81F7AC05400305680 /* constants.swift */ = {isa = PBXFileReference; lastKnownFileType = sourcecode.swift; path = constants.swift; sourceTree = "<group>"; };
		03A2F59E1F70293500B8C78E /* NewsArticleViewController.swift */ = {isa = PBXFileReference; lastKnownFileType = sourcecode.swift; path = NewsArticleViewController.swift; sourceTree = "<group>"; };
		03A2F5A01F70296A00B8C78E /* NewsCollectionViewController.swift */ = {isa = PBXFileReference; lastKnownFileType = sourcecode.swift; path = NewsCollectionViewController.swift; sourceTree = "<group>"; };
		03A2F5A21F7029C400B8C78E /* NewsArticle.swift */ = {isa = PBXFileReference; lastKnownFileType = sourcecode.swift; path = NewsArticle.swift; sourceTree = "<group>"; };
		03A2F5A41F702AFB00B8C78E /* NewsView.swift */ = {isa = PBXFileReference; lastKnownFileType = sourcecode.swift; path = NewsView.swift; sourceTree = "<group>"; };
		03A2F5A61F702B6200B8C78E /* NewsCollectionViewCell.swift */ = {isa = PBXFileReference; lastKnownFileType = sourcecode.swift; path = NewsCollectionViewCell.swift; sourceTree = "<group>"; };
		03C2CF401F79E34600A6E07C /* PushNotif.swift */ = {isa = PBXFileReference; lastKnownFileType = sourcecode.swift; path = PushNotif.swift; sourceTree = "<group>"; };
		03C2CF421F79E40600A6E07C /* NotificationTableViewController.swift */ = {isa = PBXFileReference; lastKnownFileType = sourcecode.swift; path = NotificationTableViewController.swift; sourceTree = "<group>"; };
		03C2CF441F79E48700A6E07C /* NotificationTableViewCell.swift */ = {isa = PBXFileReference; lastKnownFileType = sourcecode.swift; path = NotificationTableViewCell.swift; sourceTree = "<group>"; };
		03C2CF461F79E5AB00A6E07C /* NotificationViewController.swift */ = {isa = PBXFileReference; lastKnownFileType = sourcecode.swift; path = NotificationViewController.swift; sourceTree = "<group>"; };
		03C2CF481F79EAA100A6E07C /* NotifRoundedImage.swift */ = {isa = PBXFileReference; lastKnownFileType = sourcecode.swift; path = NotifRoundedImage.swift; sourceTree = "<group>"; };
		03DD738A1F70926500F09808 /* CalendarTableViewCell.swift */ = {isa = PBXFileReference; lastKnownFileType = sourcecode.swift; path = CalendarTableViewCell.swift; sourceTree = "<group>"; };
		03DD738B1F70926500F09808 /* CalendarTableViewController.swift */ = {isa = PBXFileReference; lastKnownFileType = sourcecode.swift; path = CalendarTableViewController.swift; sourceTree = "<group>"; };
		03DD738E1F70926500F09808 /* CalendarView.swift */ = {isa = PBXFileReference; lastKnownFileType = sourcecode.swift; path = CalendarView.swift; sourceTree = "<group>"; };
		03DD738F1F70929B00F09808 /* CalendarEvent.swift */ = {isa = PBXFileReference; lastKnownFileType = sourcecode.swift; path = CalendarEvent.swift; sourceTree = "<group>"; };
		07AC27D963E614453BDA0B7D /* Pods-SchoolConnect.release.xcconfig */ = {isa = PBXFileReference; includeInIndex = 1; lastKnownFileType = text.xcconfig; name = "Pods-SchoolConnect.release.xcconfig"; path = "Pods/Target Support Files/Pods-SchoolConnect/Pods-SchoolConnect.release.xcconfig"; sourceTree = "<group>"; };
		191CA21EAA9FE734A925495C /* Pods_SchoolConnect.framework */ = {isa = PBXFileReference; explicitFileType = wrapper.framework; includeInIndex = 0; path = Pods_SchoolConnect.framework; sourceTree = BUILT_PRODUCTS_DIR; };
		456B12D064A21A25466CC990 /* Pods-SchoolConnect.debug.xcconfig */ = {isa = PBXFileReference; includeInIndex = 1; lastKnownFileType = text.xcconfig; name = "Pods-SchoolConnect.debug.xcconfig"; path = "Pods/Target Support Files/Pods-SchoolConnect/Pods-SchoolConnect.debug.xcconfig"; sourceTree = "<group>"; };
/* End PBXFileReference section */

/* Begin PBXFrameworksBuildPhase section */
		030964BE1F701EC800109AF0 /* Frameworks */ = {
			isa = PBXFrameworksBuildPhase;
			buildActionMask = 2147483647;
			files = (
				CD4BA9CE9DAB67F1AFA284A8 /* Pods_SchoolConnect.framework in Frameworks */,
			);
			runOnlyForDeploymentPostprocessing = 0;
		};
/* End PBXFrameworksBuildPhase section */

/* Begin PBXGroup section */
		030964B81F701EC800109AF0 = {
			isa = PBXGroup;
			children = (
				030964C31F701EC800109AF0 /* SchoolConnect */,
				030964C21F701EC800109AF0 /* Products */,
				7F328A1793186AA3D8C5C871 /* Pods */,
				C5CF18EA5E79AE2E6B91AAEF /* Frameworks */,
			);
			sourceTree = "<group>";
		};
		030964C21F701EC800109AF0 /* Products */ = {
			isa = PBXGroup;
			children = (
				030964C11F701EC800109AF0 /* SchoolConnect.app */,
			);
			name = Products;
			sourceTree = "<group>";
		};
		030964C31F701EC800109AF0 /* SchoolConnect */ = {
			isa = PBXGroup;
			children = (
				0310D54F1F846D2000DCE041 /* Home */,
				030964DC1F701F2A00109AF0 /* Singles */,
				03C2CF3C1F79E30200A6E07C /* Notifications */,
				03DD73881F70926500F09808 /* Calendar */,
				03A2F59B1F70285100B8C78E /* News */,
				030964C81F701EC800109AF0 /* Main.storyboard */,
				030964CE1F701EC800109AF0 /* Assets.xcassets */,
				030964D01F701EC800109AF0 /* LaunchScreen.storyboard */,
				030964D31F701EC800109AF0 /* Info.plist */,
				030964CB1F701EC800109AF0 /* SchoolConnect.xcdatamodeld */,
				03100A851F79F09700CF5DA3 /* GoogleService-Info.plist */,
			);
			path = SchoolConnect;
			sourceTree = "<group>";
		};
		030964D91F701EF300109AF0 /* Model */ = {
			isa = PBXGroup;
			children = (
				03A2F5A21F7029C400B8C78E /* NewsArticle.swift */,
			);
			path = Model;
			sourceTree = "<group>";
		};
		030964DA1F701EF900109AF0 /* View */ = {
			isa = PBXGroup;
			children = (
				03A2F5A41F702AFB00B8C78E /* NewsView.swift */,
			);
			path = View;
			sourceTree = "<group>";
		};
		030964DB1F701EFE00109AF0 /* Controller */ = {
			isa = PBXGroup;
			children = (
				03A2F5A01F70296A00B8C78E /* NewsCollectionViewController.swift */,
				03A2F5A61F702B6200B8C78E /* NewsCollectionViewCell.swift */,
				03A2F59E1F70293500B8C78E /* NewsArticleViewController.swift */,
			);
			path = Controller;
			sourceTree = "<group>";
		};
		030964DC1F701F2A00109AF0 /* Singles */ = {
			isa = PBXGroup;
			children = (
				030964C41F701EC800109AF0 /* AppDelegate.swift */,
				0342EEC81F7AC05400305680 /* constants.swift */,
			);
			path = Singles;
			sourceTree = "<group>";
		};
		0310D54F1F846D2000DCE041 /* Home */ = {
			isa = PBXGroup;
			children = (
			);
			path = Home;
			sourceTree = "<group>";
		};
		03A2F59B1F70285100B8C78E /* News */ = {
			isa = PBXGroup;
			children = (
				030964DB1F701EFE00109AF0 /* Controller */,
				030964DA1F701EF900109AF0 /* View */,
				030964D91F701EF300109AF0 /* Model */,
			);
			path = News;
			sourceTree = "<group>";
		};
		03C2CF3C1F79E30200A6E07C /* Notifications */ = {
			isa = PBXGroup;
			children = (
				03C2CF3F1F79E31700A6E07C /* Controller */,
				03C2CF3E1F79E31300A6E07C /* View */,
				03C2CF3D1F79E30E00A6E07C /* Model */,
			);
			path = Notifications;
			sourceTree = "<group>";
		};
		03C2CF3D1F79E30E00A6E07C /* Model */ = {
			isa = PBXGroup;
			children = (
				03C2CF401F79E34600A6E07C /* PushNotif.swift */,
			);
			path = Model;
			sourceTree = "<group>";
		};
		03C2CF3E1F79E31300A6E07C /* View */ = {
			isa = PBXGroup;
			children = (
				03C2CF481F79EAA100A6E07C /* NotifRoundedImage.swift */,
			);
			path = View;
			sourceTree = "<group>";
		};
		03C2CF3F1F79E31700A6E07C /* Controller */ = {
			isa = PBXGroup;
			children = (
				03C2CF421F79E40600A6E07C /* NotificationTableViewController.swift */,
				03C2CF441F79E48700A6E07C /* NotificationTableViewCell.swift */,
				03C2CF461F79E5AB00A6E07C /* NotificationViewController.swift */,
			);
			path = Controller;
			sourceTree = "<group>";
		};
		03DD73881F70926500F09808 /* Calendar */ = {
			isa = PBXGroup;
			children = (
				03DD73891F70926500F09808 /* Controller */,
				03DD738C1F70926500F09808 /* Model */,
				03DD738D1F70926500F09808 /* View */,
			);
			path = Calendar;
			sourceTree = "<group>";
		};
		03DD73891F70926500F09808 /* Controller */ = {
			isa = PBXGroup;
			children = (
				03DD738B1F70926500F09808 /* CalendarTableViewController.swift */,
				03DD738A1F70926500F09808 /* CalendarTableViewCell.swift */,
				0326900A1F70A93600BFEC90 /* CalendarEventViewController.swift */,
			);
			path = Controller;
			sourceTree = "<group>";
		};
		03DD738C1F70926500F09808 /* Model */ = {
			isa = PBXGroup;
			children = (
				03DD738F1F70929B00F09808 /* CalendarEvent.swift */,
			);
			path = Model;
			sourceTree = "<group>";
		};
		03DD738D1F70926500F09808 /* View */ = {
			isa = PBXGroup;
			children = (
				03DD738E1F70926500F09808 /* CalendarView.swift */,
			);
			path = View;
			sourceTree = "<group>";
		};
		7F328A1793186AA3D8C5C871 /* Pods */ = {
			isa = PBXGroup;
			children = (
				456B12D064A21A25466CC990 /* Pods-SchoolConnect.debug.xcconfig */,
				07AC27D963E614453BDA0B7D /* Pods-SchoolConnect.release.xcconfig */,
			);
			name = Pods;
			sourceTree = "<group>";
		};
		C5CF18EA5E79AE2E6B91AAEF /* Frameworks */ = {
			isa = PBXGroup;
			children = (
				191CA21EAA9FE734A925495C /* Pods_SchoolConnect.framework */,
			);
			name = Frameworks;
			sourceTree = "<group>";
		};
/* End PBXGroup section */

/* Begin PBXNativeTarget section */
		030964C01F701EC800109AF0 /* SchoolConnect */ = {
			isa = PBXNativeTarget;
			buildConfigurationList = 030964D61F701EC800109AF0 /* Build configuration list for PBXNativeTarget "SchoolConnect" */;
			buildPhases = (
				FEE031DE5D7F93521A17D745 /* [CP] Check Pods Manifest.lock */,
				030964BD1F701EC800109AF0 /* Sources */,
				030964BE1F701EC800109AF0 /* Frameworks */,
				030964BF1F701EC800109AF0 /* Resources */,
				81FD022B5DD32048D5A1F368 /* [CP] Embed Pods Frameworks */,
				4D08EA78A88FEB20A15D3113 /* [CP] Copy Pods Resources */,
			);
			buildRules = (
			);
			dependencies = (
			);
			name = SchoolConnect;
			productName = SchoolConnect;
			productReference = 030964C11F701EC800109AF0 /* SchoolConnect.app */;
			productType = "com.apple.product-type.application";
		};
/* End PBXNativeTarget section */

/* Begin PBXProject section */
		030964B91F701EC800109AF0 /* Project object */ = {
			isa = PBXProject;
			attributes = {
				LastSwiftUpdateCheck = 0900;
				LastUpgradeCheck = 0900;
				ORGANIZATIONNAME = "William S. Brandin";
				TargetAttributes = {
					030964C01F701EC800109AF0 = {
						CreatedOnToolsVersion = 9.0;
						ProvisioningStyle = Automatic;
					};
				};
			};
			buildConfigurationList = 030964BC1F701EC800109AF0 /* Build configuration list for PBXProject "SchoolConnect" */;
			compatibilityVersion = "Xcode 8.0";
			developmentRegion = en;
			hasScannedForEncodings = 0;
			knownRegions = (
				en,
				Base,
			);
			mainGroup = 030964B81F701EC800109AF0;
			productRefGroup = 030964C21F701EC800109AF0 /* Products */;
			projectDirPath = "";
			projectRoot = "";
			targets = (
				030964C01F701EC800109AF0 /* SchoolConnect */,
			);
		};
/* End PBXProject section */

/* Begin PBXResourcesBuildPhase section */
		030964BF1F701EC800109AF0 /* Resources */ = {
			isa = PBXResourcesBuildPhase;
			buildActionMask = 2147483647;
			files = (
				030964D21F701EC800109AF0 /* LaunchScreen.storyboard in Resources */,
				03100A861F79F0A500CF5DA3 /* GoogleService-Info.plist in Resources */,
				030964CF1F701EC800109AF0 /* Assets.xcassets in Resources */,
				030964CA1F701EC800109AF0 /* Main.storyboard in Resources */,
			);
			runOnlyForDeploymentPostprocessing = 0;
		};
/* End PBXResourcesBuildPhase section */

/* Begin PBXShellScriptBuildPhase section */
		4D08EA78A88FEB20A15D3113 /* [CP] Copy Pods Resources */ = {
			isa = PBXShellScriptBuildPhase;
			buildActionMask = 2147483647;
			files = (
			);
			inputPaths = (
			);
			name = "[CP] Copy Pods Resources";
			outputPaths = (
			);
			runOnlyForDeploymentPostprocessing = 0;
			shellPath = /bin/sh;
			shellScript = "\"${SRCROOT}/Pods/Target Support Files/Pods-SchoolConnect/Pods-SchoolConnect-resources.sh\"\n";
			showEnvVarsInLog = 0;
		};
		81FD022B5DD32048D5A1F368 /* [CP] Embed Pods Frameworks */ = {
			isa = PBXShellScriptBuildPhase;
			buildActionMask = 2147483647;
			files = (
			);
			inputPaths = (
			);
			name = "[CP] Embed Pods Frameworks";
			outputPaths = (
			);
			runOnlyForDeploymentPostprocessing = 0;
			shellPath = /bin/sh;
			shellScript = "\"${SRCROOT}/Pods/Target Support Files/Pods-SchoolConnect/Pods-SchoolConnect-frameworks.sh\"\n";
			showEnvVarsInLog = 0;
		};
		FEE031DE5D7F93521A17D745 /* [CP] Check Pods Manifest.lock */ = {
			isa = PBXShellScriptBuildPhase;
			buildActionMask = 2147483647;
			files = (
			);
			inputPaths = (
			);
			name = "[CP] Check Pods Manifest.lock";
			outputPaths = (
			);
			runOnlyForDeploymentPostprocessing = 0;
			shellPath = /bin/sh;
			shellScript = "diff \"${PODS_PODFILE_DIR_PATH}/Podfile.lock\" \"${PODS_ROOT}/Manifest.lock\" > /dev/null\nif [ $? != 0 ] ; then\n    # print error to STDERR\n    echo \"error: The sandbox is not in sync with the Podfile.lock. Run 'pod install' or update your CocoaPods installation.\" >&2\n    exit 1\nfi\n";
			showEnvVarsInLog = 0;
		};
/* End PBXShellScriptBuildPhase section */

/* Begin PBXSourcesBuildPhase section */
		030964BD1F701EC800109AF0 /* Sources */ = {
			isa = PBXSourcesBuildPhase;
			buildActionMask = 2147483647;
			files = (
				030964CD1F701EC800109AF0 /* SchoolConnect.xcdatamodeld in Sources */,
				0326900B1F70A93600BFEC90 /* CalendarEventViewController.swift in Sources */,
				03C2CF471F79E5AB00A6E07C /* NotificationViewController.swift in Sources */,
				03C2CF431F79E40600A6E07C /* NotificationTableViewController.swift in Sources */,
				037BD8D21F7094A700B4E8DD /* CalendarTableViewController.swift in Sources */,
				03A2F5A71F702B6200B8C78E /* NewsCollectionViewCell.swift in Sources */,
				03DD73901F70929B00F09808 /* CalendarEvent.swift in Sources */,
				03C2CF451F79E48700A6E07C /* NotificationTableViewCell.swift in Sources */,
				03C2CF491F79EAA100A6E07C /* NotifRoundedImage.swift in Sources */,
				03A2F5A11F70296A00B8C78E /* NewsCollectionViewController.swift in Sources */,
				03A2F59F1F70293500B8C78E /* NewsArticleViewController.swift in Sources */,
				0342EEC91F7AC05400305680 /* constants.swift in Sources */,
				03C2CF411F79E34600A6E07C /* PushNotif.swift in Sources */,
				037BD8D31F7094AC00B4E8DD /* CalendarView.swift in Sources */,
				03A2F5A51F702AFB00B8C78E /* NewsView.swift in Sources */,
				03A2F5A31F7029C400B8C78E /* NewsArticle.swift in Sources */,
				030964C51F701EC800109AF0 /* AppDelegate.swift in Sources */,
				037BD8D11F7094A500B4E8DD /* CalendarTableViewCell.swift in Sources */,
			);
			runOnlyForDeploymentPostprocessing = 0;
		};
/* End PBXSourcesBuildPhase section */

/* Begin PBXVariantGroup section */
		030964C81F701EC800109AF0 /* Main.storyboard */ = {
			isa = PBXVariantGroup;
			children = (
				030964C91F701EC800109AF0 /* Base */,
			);
			name = Main.storyboard;
			sourceTree = "<group>";
		};
		030964D01F701EC800109AF0 /* LaunchScreen.storyboard */ = {
			isa = PBXVariantGroup;
			children = (
				030964D11F701EC800109AF0 /* Base */,
			);
			name = LaunchScreen.storyboard;
			sourceTree = "<group>";
		};
/* End PBXVariantGroup section */

/* Begin XCBuildConfiguration section */
		030964D41F701EC800109AF0 /* Debug */ = {
			isa = XCBuildConfiguration;
			buildSettings = {
				ALWAYS_SEARCH_USER_PATHS = NO;
				CLANG_ANALYZER_NONNULL = YES;
				CLANG_ANALYZER_NUMBER_OBJECT_CONVERSION = YES_AGGRESSIVE;
				CLANG_CXX_LANGUAGE_STANDARD = "gnu++14";
				CLANG_CXX_LIBRARY = "libc++";
				CLANG_ENABLE_MODULES = YES;
				CLANG_ENABLE_OBJC_ARC = YES;
				CLANG_WARN_BLOCK_CAPTURE_AUTORELEASING = YES;
				CLANG_WARN_BOOL_CONVERSION = YES;
				CLANG_WARN_COMMA = YES;
				CLANG_WARN_CONSTANT_CONVERSION = YES;
				CLANG_WARN_DIRECT_OBJC_ISA_USAGE = YES_ERROR;
				CLANG_WARN_DOCUMENTATION_COMMENTS = YES;
				CLANG_WARN_EMPTY_BODY = YES;
				CLANG_WARN_ENUM_CONVERSION = YES;
				CLANG_WARN_INFINITE_RECURSION = YES;
				CLANG_WARN_INT_CONVERSION = YES;
				CLANG_WARN_NON_LITERAL_NULL_CONVERSION = YES;
				CLANG_WARN_OBJC_LITERAL_CONVERSION = YES;
				CLANG_WARN_OBJC_ROOT_CLASS = YES_ERROR;
				CLANG_WARN_RANGE_LOOP_ANALYSIS = YES;
				CLANG_WARN_STRICT_PROTOTYPES = YES;
				CLANG_WARN_SUSPICIOUS_MOVE = YES;
				CLANG_WARN_UNGUARDED_AVAILABILITY = YES_AGGRESSIVE;
				CLANG_WARN_UNREACHABLE_CODE = YES;
				CLANG_WARN__DUPLICATE_METHOD_MATCH = YES;
				CODE_SIGN_IDENTITY = "iPhone Developer";
				COPY_PHASE_STRIP = NO;
				DEBUG_INFORMATION_FORMAT = dwarf;
				ENABLE_STRICT_OBJC_MSGSEND = YES;
				ENABLE_TESTABILITY = YES;
				GCC_C_LANGUAGE_STANDARD = gnu11;
				GCC_DYNAMIC_NO_PIC = NO;
				GCC_NO_COMMON_BLOCKS = YES;
				GCC_OPTIMIZATION_LEVEL = 0;
				GCC_PREPROCESSOR_DEFINITIONS = (
					"DEBUG=1",
					"$(inherited)",
				);
				GCC_WARN_64_TO_32_BIT_CONVERSION = YES;
				GCC_WARN_ABOUT_RETURN_TYPE = YES_ERROR;
				GCC_WARN_UNDECLARED_SELECTOR = YES;
				GCC_WARN_UNINITIALIZED_AUTOS = YES_AGGRESSIVE;
				GCC_WARN_UNUSED_FUNCTION = YES;
				GCC_WARN_UNUSED_VARIABLE = YES;
				IPHONEOS_DEPLOYMENT_TARGET = 11.0;
				MTL_ENABLE_DEBUG_INFO = YES;
				ONLY_ACTIVE_ARCH = YES;
				SDKROOT = iphoneos;
				SWIFT_ACTIVE_COMPILATION_CONDITIONS = DEBUG;
				SWIFT_OPTIMIZATION_LEVEL = "-Onone";
			};
			name = Debug;
		};
		030964D51F701EC800109AF0 /* Release */ = {
			isa = XCBuildConfiguration;
			buildSettings = {
				ALWAYS_SEARCH_USER_PATHS = NO;
				CLANG_ANALYZER_NONNULL = YES;
				CLANG_ANALYZER_NUMBER_OBJECT_CONVERSION = YES_AGGRESSIVE;
				CLANG_CXX_LANGUAGE_STANDARD = "gnu++14";
				CLANG_CXX_LIBRARY = "libc++";
				CLANG_ENABLE_MODULES = YES;
				CLANG_ENABLE_OBJC_ARC = YES;
				CLANG_WARN_BLOCK_CAPTURE_AUTORELEASING = YES;
				CLANG_WARN_BOOL_CONVERSION = YES;
				CLANG_WARN_COMMA = YES;
				CLANG_WARN_CONSTANT_CONVERSION = YES;
				CLANG_WARN_DIRECT_OBJC_ISA_USAGE = YES_ERROR;
				CLANG_WARN_DOCUMENTATION_COMMENTS = YES;
				CLANG_WARN_EMPTY_BODY = YES;
				CLANG_WARN_ENUM_CONVERSION = YES;
				CLANG_WARN_INFINITE_RECURSION = YES;
				CLANG_WARN_INT_CONVERSION = YES;
				CLANG_WARN_NON_LITERAL_NULL_CONVERSION = YES;
				CLANG_WARN_OBJC_LITERAL_CONVERSION = YES;
				CLANG_WARN_OBJC_ROOT_CLASS = YES_ERROR;
				CLANG_WARN_RANGE_LOOP_ANALYSIS = YES;
				CLANG_WARN_STRICT_PROTOTYPES = YES;
				CLANG_WARN_SUSPICIOUS_MOVE = YES;
				CLANG_WARN_UNGUARDED_AVAILABILITY = YES_AGGRESSIVE;
				CLANG_WARN_UNREACHABLE_CODE = YES;
				CLANG_WARN__DUPLICATE_METHOD_MATCH = YES;
				CODE_SIGN_IDENTITY = "iPhone Developer";
				COPY_PHASE_STRIP = NO;
				DEBUG_INFORMATION_FORMAT = "dwarf-with-dsym";
				ENABLE_NS_ASSERTIONS = NO;
				ENABLE_STRICT_OBJC_MSGSEND = YES;
				GCC_C_LANGUAGE_STANDARD = gnu11;
				GCC_NO_COMMON_BLOCKS = YES;
				GCC_WARN_64_TO_32_BIT_CONVERSION = YES;
				GCC_WARN_ABOUT_RETURN_TYPE = YES_ERROR;
				GCC_WARN_UNDECLARED_SELECTOR = YES;
				GCC_WARN_UNINITIALIZED_AUTOS = YES_AGGRESSIVE;
				GCC_WARN_UNUSED_FUNCTION = YES;
				GCC_WARN_UNUSED_VARIABLE = YES;
				IPHONEOS_DEPLOYMENT_TARGET = 11.0;
				MTL_ENABLE_DEBUG_INFO = NO;
				SDKROOT = iphoneos;
				SWIFT_OPTIMIZATION_LEVEL = "-Owholemodule";
				VALIDATE_PRODUCT = YES;
			};
			name = Release;
		};
		030964D71F701EC800109AF0 /* Debug */ = {
			isa = XCBuildConfiguration;
			baseConfigurationReference = 456B12D064A21A25466CC990 /* Pods-SchoolConnect.debug.xcconfig */;
			buildSettings = {
				ASSETCATALOG_COMPILER_APPICON_NAME = AppIcon;
				CODE_SIGN_STYLE = Automatic;
				DEVELOPMENT_TEAM = 2J9S2B5EZD;
				INFOPLIST_FILE = SchoolConnect/Info.plist;
				LD_RUNPATH_SEARCH_PATHS = "$(inherited) @executable_path/Frameworks";
				PRODUCT_BUNDLE_IDENTIFIER = com.willbrandin.SchoolConnect;
				PRODUCT_NAME = "$(TARGET_NAME)";
				SWIFT_VERSION = 4.0;
				TARGETED_DEVICE_FAMILY = "1,2";
			};
			name = Debug;
		};
		030964D81F701EC800109AF0 /* Release */ = {
			isa = XCBuildConfiguration;
			baseConfigurationReference = 07AC27D963E614453BDA0B7D /* Pods-SchoolConnect.release.xcconfig */;
			buildSettings = {
				ASSETCATALOG_COMPILER_APPICON_NAME = AppIcon;
				CODE_SIGN_STYLE = Automatic;
				DEVELOPMENT_TEAM = 2J9S2B5EZD;
				INFOPLIST_FILE = SchoolConnect/Info.plist;
				LD_RUNPATH_SEARCH_PATHS = "$(inherited) @executable_path/Frameworks";
				PRODUCT_BUNDLE_IDENTIFIER = com.willbrandin.SchoolConnect;
				PRODUCT_NAME = "$(TARGET_NAME)";
				SWIFT_VERSION = 4.0;
				TARGETED_DEVICE_FAMILY = "1,2";
			};
			name = Release;
		};
/* End XCBuildConfiguration section */

/* Begin XCConfigurationList section */
		030964BC1F701EC800109AF0 /* Build configuration list for PBXProject "SchoolConnect" */ = {
			isa = XCConfigurationList;
			buildConfigurations = (
				030964D41F701EC800109AF0 /* Debug */,
				030964D51F701EC800109AF0 /* Release */,
			);
			defaultConfigurationIsVisible = 0;
			defaultConfigurationName = Release;
		};
		030964D61F701EC800109AF0 /* Build configuration list for PBXNativeTarget "SchoolConnect" */ = {
			isa = XCConfigurationList;
			buildConfigurations = (
				030964D71F701EC800109AF0 /* Debug */,
				030964D81F701EC800109AF0 /* Release */,
			);
			defaultConfigurationIsVisible = 0;
			defaultConfigurationName = Release;
		};
/* End XCConfigurationList section */

/* Begin XCVersionGroup section */
		030964CB1F701EC800109AF0 /* SchoolConnect.xcdatamodeld */ = {
			isa = XCVersionGroup;
			children = (
				030964CC1F701EC800109AF0 /* SchoolConnect.xcdatamodel */,
			);
			currentVersion = 030964CC1F701EC800109AF0 /* SchoolConnect.xcdatamodel */;
			path = SchoolConnect.xcdatamodeld;
			sourceTree = "<group>";
			versionGroupType = wrapper.xcdatamodel;
		};
/* End XCVersionGroup section */
	};
	rootObject = 030964B91F701EC800109AF0 /* Project object */;
}
